
Microsoft Visual Studio Solution File, Format Version 12.00
# Visual Studio Version 17
VisualStudioVersion = 17.7.34024.191
MinimumVisualStudioVersion = 10.0.40219.1
Project("{9A19103F-16F7-4668-BE54-9A1E7A4F7556}") = "CACrypto.VHCA", "src\CACrypto.VHCA\CACrypto.VHCA.csproj", "{8EF6F160-7325-477B-9CDE-FD6F550C3139}"
EndProject
Project("{9A19103F-16F7-4668-BE54-9A1E7A4F7556}") = "CACrypto.Commons", "src\CACrypto.Commons\CACrypto.Commons.csproj", "{086626A2-7FD1-4CA1-AED9-603B59C3C7DA}"
EndProject
Project("{2150E333-8FDC-42A3-9474-1A3956D46DE8}") = "src", "src", "{08671072-7BDD-4355-A733-F4A6CD86BC04}"
EndProject
Project("{2150E333-8FDC-42A3-9474-1A3956D46DE8}") = "extra", "extra", "{51A84AD8-3E34-4B97-814A-0669B131D560}"
EndProject
Project("{FAE04EC0-301F-11D3-BF4B-00C04F79EFBC}") = "CACrypto.Tests", "extra\CACrypto.Tests\CACrypto.Tests.csproj", "{73D9ADDA-737C-43A0-A986-11C008741FE5}"
EndProject
Project("{FAE04EC0-301F-11D3-BF4B-00C04F79EFBC}") = "CACrypto.HCA", "src\CACrypto.HCA\CACrypto.HCA.csproj", "{776423D7-ADFE-4A21-9414-DA85BFC8BC8F}"
EndProject
Project("{FAE04EC0-301F-11D3-BF4B-00C04F79EFBC}") = "CACrypto.Benchmarks", "extra\CACrypto.Benchmarks\CACrypto.Benchmarks.csproj", "{3D376185-673F-4F9C-9603-322C4B7234FC}"
EndProject
Project("{FAE04EC0-301F-11D3-BF4B-00C04F79EFBC}") = "CACrypto.RNGValidators", "CACrypto.RNGValidators\CACrypto.RNGValidators.csproj", "{32650F7B-03E4-4821-A298-13004BBABDA4}"
EndProject
Global
	GlobalSection(SolutionConfigurationPlatforms) = preSolution
		Debug|Any CPU = Debug|Any CPU
		Release|Any CPU = Release|Any CPU
	EndGlobalSection
	GlobalSection(ProjectConfigurationPlatforms) = postSolution
		{8EF6F160-7325-477B-9CDE-FD6F550C3139}.Debug|Any CPU.ActiveCfg = Debug|Any CPU
		{8EF6F160-7325-477B-9CDE-FD6F550C3139}.Debug|Any CPU.Build.0 = Debug|Any CPU
		{8EF6F160-7325-477B-9CDE-FD6F550C3139}.Release|Any CPU.ActiveCfg = Release|Any CPU
		{8EF6F160-7325-477B-9CDE-FD6F550C3139}.Release|Any CPU.Build.0 = Release|Any CPU
		{086626A2-7FD1-4CA1-AED9-603B59C3C7DA}.Debug|Any CPU.ActiveCfg = Debug|Any CPU
		{086626A2-7FD1-4CA1-AED9-603B59C3C7DA}.Debug|Any CPU.Build.0 = Debug|Any CPU
		{086626A2-7FD1-4CA1-AED9-603B59C3C7DA}.Release|Any CPU.ActiveCfg = Release|Any CPU
		{086626A2-7FD1-4CA1-AED9-603B59C3C7DA}.Release|Any CPU.Build.0 = Release|Any CPU
		{73D9ADDA-737C-43A0-A986-11C008741FE5}.Debug|Any CPU.ActiveCfg = Debug|Any CPU
		{73D9ADDA-737C-43A0-A986-11C008741FE5}.Debug|Any CPU.Build.0 = Debug|Any CPU
		{73D9ADDA-737C-43A0-A986-11C008741FE5}.Release|Any CPU.ActiveCfg = Release|Any CPU
		{73D9ADDA-737C-43A0-A986-11C008741FE5}.Release|Any CPU.Build.0 = Release|Any CPU
		{776423D7-ADFE-4A21-9414-DA85BFC8BC8F}.Debug|Any CPU.ActiveCfg = Debug|Any CPU
		{776423D7-ADFE-4A21-9414-DA85BFC8BC8F}.Debug|Any CPU.Build.0 = Debug|Any CPU
		{776423D7-ADFE-4A21-9414-DA85BFC8BC8F}.Release|Any CPU.ActiveCfg = Release|Any CPU
		{776423D7-ADFE-4A21-9414-DA85BFC8BC8F}.Release|Any CPU.Build.0 = Release|Any CPU
		{3D376185-673F-4F9C-9603-322C4B7234FC}.Debug|Any CPU.ActiveCfg = Debug|Any CPU
		{3D376185-673F-4F9C-9603-322C4B7234FC}.Debug|Any CPU.Build.0 = Debug|Any CPU
		{3D376185-673F-4F9C-9603-322C4B7234FC}.Release|Any CPU.ActiveCfg = Release|Any CPU
		{3D376185-673F-4F9C-9603-322C4B7234FC}.Release|Any CPU.Build.0 = Release|Any CPU
		{32650F7B-03E4-4821-A298-13004BBABDA4}.Debug|Any CPU.ActiveCfg = Debug|Any CPU
		{32650F7B-03E4-4821-A298-13004BBABDA4}.Debug|Any CPU.Build.0 = Debug|Any CPU
		{32650F7B-03E4-4821-A298-13004BBABDA4}.Release|Any CPU.ActiveCfg = Release|Any CPU
		{32650F7B-03E4-4821-A298-13004BBABDA4}.Release|Any CPU.Build.0 = Release|Any CPU
	EndGlobalSection
	GlobalSection(SolutionProperties) = preSolution
		HideSolutionNode = FALSE
	EndGlobalSection
	GlobalSection(NestedProjects) = preSolution
		{8EF6F160-7325-477B-9CDE-FD6F550C3139} = {08671072-7BDD-4355-A733-F4A6CD86BC04}
		{086626A2-7FD1-4CA1-AED9-603B59C3C7DA} = {08671072-7BDD-4355-A733-F4A6CD86BC04}
		{73D9ADDA-737C-43A0-A986-11C008741FE5} = {51A84AD8-3E34-4B97-814A-0669B131D560}
		{776423D7-ADFE-4A21-9414-DA85BFC8BC8F} = {08671072-7BDD-4355-A733-F4A6CD86BC04}
		{3D376185-673F-4F9C-9603-322C4B7234FC} = {51A84AD8-3E34-4B97-814A-0669B131D560}
		{32650F7B-03E4-4821-A298-13004BBABDA4} = {51A84AD8-3E34-4B97-814A-0669B131D560}
	EndGlobalSection
	GlobalSection(ExtensibilityGlobals) = postSolution
		SolutionGuid = {44E26265-5291-46C8-87D6-DDCEC39AEE77}
	EndGlobalSection
EndGlobal
